
Microsoft Visual Studio Solution File, Format Version 12.00
# Visual Studio Version 16
VisualStudioVersion = 16.0.31205.134
MinimumVisualStudioVersion = 10.0.40219.1
Project("{2150E333-8FDC-42A3-9474-1A3956D46DE8}") = "Solution Items", "Solution Items", "{B3F49A18-73AC-4794-992A-7E166B7803EE}"
	ProjectSection(SolutionItems) = preProject
		.editorconfig = .editorconfig
	EndProjectSection
EndProject
Project("{2150E333-8FDC-42A3-9474-1A3956D46DE8}") = "VB_WorkingParsers", "VB_WorkingParsers", "{05438C23-32B3-4AE4-8BB9-AB8ACA7A82EA}"
EndProject
Project("{F184B08F-C81C-45F6-A57F-5ABD9991F28F}") = "SpydazWebAI_Virtual_Machine", "SpydazWeb AI Virtual Machine\SpydazWebAI_Virtual_Machine.vbproj", "{24601FC8-50FF-49DB-8A7A-AD8EA8F48D57}"
EndProject
Project("{FAE04EC0-301F-11D3-BF4B-00C04F79EFBC}") = "EMU6502", "SpydazWeb AI Virtual Machine\EMU6502\EMU6502.csproj", "{3F6B8296-D8E7-43EB-96B8-84482B41A048}"
EndProject
Project("{2150E333-8FDC-42A3-9474-1A3956D46DE8}") = "VM", "VM", "{B143517E-4A56-4F75-88C3-B5EEEE123D24}"
EndProject
Project("{2150E333-8FDC-42A3-9474-1A3956D46DE8}") = "MinskInBASIC", "MinskInBASIC", "{4FA44A22-B1C6-4BFE-B158-C86926763C24}"
EndProject
Project("{778DAE3C-4631-46EA-AA77-85C1314464D9}") = "Basic", "BASIC-minskInBasic\BASIC\Basic\Basic.vbproj", "{66AEFEA3-A994-426E-A98A-F09E5CD5EEA6}"
EndProject
Project("{F184B08F-C81C-45F6-A57F-5ABD9991F28F}") = "Small_ProgrammingLang_VB", "Small_ProgrammingLang\Small_ProgrammingLang_VB.vbproj", "{AAD6B3A4-2D2A-4EF7-AA67-DDFC62ADC6B9}"
EndProject
Project("{F184B08F-C81C-45F6-A57F-5ABD9991F28F}") = "SpydazWebAI_BASIC", "SpydazWeb AI BASIC\SpydazWebAI_BASIC.vbproj", "{4C3DB8A4-4555-438C-9FDC-8AE773629416}"
EndProject
Global
	GlobalSection(SolutionConfigurationPlatforms) = preSolution
		Debug|Any CPU = Debug|Any CPU
		Release|Any CPU = Release|Any CPU
	EndGlobalSection
	GlobalSection(ProjectConfigurationPlatforms) = postSolution
		{24601FC8-50FF-49DB-8A7A-AD8EA8F48D57}.Debug|Any CPU.ActiveCfg = Debug|Any CPU
		{24601FC8-50FF-49DB-8A7A-AD8EA8F48D57}.Debug|Any CPU.Build.0 = Debug|Any CPU
		{24601FC8-50FF-49DB-8A7A-AD8EA8F48D57}.Release|Any CPU.ActiveCfg = Release|Any CPU
		{24601FC8-50FF-49DB-8A7A-AD8EA8F48D57}.Release|Any CPU.Build.0 = Release|Any CPU
		{3F6B8296-D8E7-43EB-96B8-84482B41A048}.Debug|Any CPU.ActiveCfg = Debug|Any CPU
		{3F6B8296-D8E7-43EB-96B8-84482B41A048}.Debug|Any CPU.Build.0 = Debug|Any CPU
		{3F6B8296-D8E7-43EB-96B8-84482B41A048}.Release|Any CPU.ActiveCfg = Release|Any CPU
		{3F6B8296-D8E7-43EB-96B8-84482B41A048}.Release|Any CPU.Build.0 = Release|Any CPU
		{66AEFEA3-A994-426E-A98A-F09E5CD5EEA6}.Debug|Any CPU.ActiveCfg = Debug|Any CPU
		{66AEFEA3-A994-426E-A98A-F09E5CD5EEA6}.Debug|Any CPU.Build.0 = Debug|Any CPU
		{66AEFEA3-A994-426E-A98A-F09E5CD5EEA6}.Release|Any CPU.ActiveCfg = Release|Any CPU
		{66AEFEA3-A994-426E-A98A-F09E5CD5EEA6}.Release|Any CPU.Build.0 = Release|Any CPU
		{AAD6B3A4-2D2A-4EF7-AA67-DDFC62ADC6B9}.Debug|Any CPU.ActiveCfg = Debug|Any CPU
		{AAD6B3A4-2D2A-4EF7-AA67-DDFC62ADC6B9}.Debug|Any CPU.Build.0 = Debug|Any CPU
		{AAD6B3A4-2D2A-4EF7-AA67-DDFC62ADC6B9}.Release|Any CPU.ActiveCfg = Release|Any CPU
		{AAD6B3A4-2D2A-4EF7-AA67-DDFC62ADC6B9}.Release|Any CPU.Build.0 = Release|Any CPU
		{4C3DB8A4-4555-438C-9FDC-8AE773629416}.Debug|Any CPU.ActiveCfg = Debug|Any CPU
		{4C3DB8A4-4555-438C-9FDC-8AE773629416}.Debug|Any CPU.Build.0 = Debug|Any CPU
		{4C3DB8A4-4555-438C-9FDC-8AE773629416}.Release|Any CPU.ActiveCfg = Release|Any CPU
		{4C3DB8A4-4555-438C-9FDC-8AE773629416}.Release|Any CPU.Build.0 = Release|Any CPU
	EndGlobalSection
	GlobalSection(SolutionProperties) = preSolution
		HideSolutionNode = FALSE
	EndGlobalSection
	GlobalSection(NestedProjects) = preSolution
		{05438C23-32B3-4AE4-8BB9-AB8ACA7A82EA} = {B3F49A18-73AC-4794-992A-7E166B7803EE}
		{24601FC8-50FF-49DB-8A7A-AD8EA8F48D57} = {B143517E-4A56-4F75-88C3-B5EEEE123D24}
		{3F6B8296-D8E7-43EB-96B8-84482B41A048} = {B143517E-4A56-4F75-88C3-B5EEEE123D24}
		{B143517E-4A56-4F75-88C3-B5EEEE123D24} = {B3F49A18-73AC-4794-992A-7E166B7803EE}
		{4FA44A22-B1C6-4BFE-B158-C86926763C24} = {B3F49A18-73AC-4794-992A-7E166B7803EE}
		{66AEFEA3-A994-426E-A98A-F09E5CD5EEA6} = {4FA44A22-B1C6-4BFE-B158-C86926763C24}
		{AAD6B3A4-2D2A-4EF7-AA67-DDFC62ADC6B9} = {05438C23-32B3-4AE4-8BB9-AB8ACA7A82EA}
	EndGlobalSection
	GlobalSection(ExtensibilityGlobals) = postSolution
		SolutionGuid = {5ACFE22B-196E-4FC9-A753-15D31931EA11}
	EndGlobalSection
EndGlobal
