
Microsoft Visual Studio Solution File, Format Version 12.00
# Visual Studio Version 16
VisualStudioVersion = 16.0.31205.134
MinimumVisualStudioVersion = 10.0.40219.1
Project("{2150E333-8FDC-42A3-9474-1A3956D46DE8}") = "Solution Items", "Solution Items", "{B3F49A18-73AC-4794-992A-7E166B7803EE}"
	ProjectSection(SolutionItems) = preProject
		.editorconfig = .editorconfig
	EndProjectSection
EndProject
Project("{FAE04EC0-301F-11D3-BF4B-00C04F79EFBC}") = "Small_ProgrammingLang_C", "Small_ProgrammingLang\Small_ProgrammingLang_C.csproj", "{18F232CF-E172-0106-283F-1782003AF219}"
EndProject
Project("{F184B08F-C81C-45F6-A57F-5ABD9991F28F}") = "SAL_VM", "SAL_VM\SAL_VM.vbproj", "{24601FC8-50FF-49DB-8A7A-AD8EA8F48D57}"
EndProject
Project("{2150E333-8FDC-42A3-9474-1A3956D46DE8}") = "C_", "C_", "{FD1E8E1F-2AF9-4122-8D56-C661443E6913}"
EndProject
Project("{2150E333-8FDC-42A3-9474-1A3956D46DE8}") = "VB", "VB", "{05438C23-32B3-4AE4-8BB9-AB8ACA7A82EA}"
EndProject
Project("{F184B08F-C81C-45F6-A57F-5ABD9991F28F}") = "Small_ProgrammingLang_VB", "Small_ProgrammingLang\Small_ProgrammingLang_VB.vbproj", "{AAD6B3A4-2D2A-4EF7-AA67-DDFC62ADC6B9}"
EndProject
Project("{FAE04EC0-301F-11D3-BF4B-00C04F79EFBC}") = "SAL_VM", "SAL_VM\SAL_VM.csproj", "{96449EA3-9CA7-062A-0822-67F0CA63B9F7}"
EndProject
Global
	GlobalSection(SolutionConfigurationPlatforms) = preSolution
		Debug|Any CPU = Debug|Any CPU
		Release|Any CPU = Release|Any CPU
	EndGlobalSection
	GlobalSection(ProjectConfigurationPlatforms) = postSolution
		{18F232CF-E172-0106-283F-1782003AF219}.Debug|Any CPU.ActiveCfg = Debug|Any CPU
		{18F232CF-E172-0106-283F-1782003AF219}.Debug|Any CPU.Build.0 = Debug|Any CPU
		{18F232CF-E172-0106-283F-1782003AF219}.Release|Any CPU.ActiveCfg = Release|Any CPU
		{18F232CF-E172-0106-283F-1782003AF219}.Release|Any CPU.Build.0 = Release|Any CPU
		{24601FC8-50FF-49DB-8A7A-AD8EA8F48D57}.Debug|Any CPU.ActiveCfg = Debug|Any CPU
		{24601FC8-50FF-49DB-8A7A-AD8EA8F48D57}.Debug|Any CPU.Build.0 = Debug|Any CPU
		{24601FC8-50FF-49DB-8A7A-AD8EA8F48D57}.Release|Any CPU.ActiveCfg = Release|Any CPU
		{24601FC8-50FF-49DB-8A7A-AD8EA8F48D57}.Release|Any CPU.Build.0 = Release|Any CPU
		{AAD6B3A4-2D2A-4EF7-AA67-DDFC62ADC6B9}.Debug|Any CPU.ActiveCfg = Debug|Any CPU
		{AAD6B3A4-2D2A-4EF7-AA67-DDFC62ADC6B9}.Debug|Any CPU.Build.0 = Debug|Any CPU
		{AAD6B3A4-2D2A-4EF7-AA67-DDFC62ADC6B9}.Release|Any CPU.ActiveCfg = Release|Any CPU
		{AAD6B3A4-2D2A-4EF7-AA67-DDFC62ADC6B9}.Release|Any CPU.Build.0 = Release|Any CPU
		{96449EA3-9CA7-062A-0822-67F0CA63B9F7}.Debug|Any CPU.ActiveCfg = Debug|Any CPU
		{96449EA3-9CA7-062A-0822-67F0CA63B9F7}.Debug|Any CPU.Build.0 = Debug|Any CPU
		{96449EA3-9CA7-062A-0822-67F0CA63B9F7}.Release|Any CPU.ActiveCfg = Release|Any CPU
		{96449EA3-9CA7-062A-0822-67F0CA63B9F7}.Release|Any CPU.Build.0 = Release|Any CPU
	EndGlobalSection
	GlobalSection(SolutionProperties) = preSolution
		HideSolutionNode = FALSE
	EndGlobalSection
	GlobalSection(NestedProjects) = preSolution
		{18F232CF-E172-0106-283F-1782003AF219} = {FD1E8E1F-2AF9-4122-8D56-C661443E6913}
		{24601FC8-50FF-49DB-8A7A-AD8EA8F48D57} = {05438C23-32B3-4AE4-8BB9-AB8ACA7A82EA}
		{FD1E8E1F-2AF9-4122-8D56-C661443E6913} = {B3F49A18-73AC-4794-992A-7E166B7803EE}
		{05438C23-32B3-4AE4-8BB9-AB8ACA7A82EA} = {B3F49A18-73AC-4794-992A-7E166B7803EE}
		{AAD6B3A4-2D2A-4EF7-AA67-DDFC62ADC6B9} = {05438C23-32B3-4AE4-8BB9-AB8ACA7A82EA}
		{96449EA3-9CA7-062A-0822-67F0CA63B9F7} = {FD1E8E1F-2AF9-4122-8D56-C661443E6913}
	EndGlobalSection
	GlobalSection(ExtensibilityGlobals) = postSolution
		SolutionGuid = {5ACFE22B-196E-4FC9-A753-15D31931EA11}
	EndGlobalSection
EndGlobal
